
Microsoft Visual Studio Solution File, Format Version 12.00
# Visual Studio Version 16
VisualStudioVersion = 16.0.30621.155
MinimumVisualStudioVersion = 10.0.40219.1
Project("{9A19103F-16F7-4668-BE54-9A1E7A4F7556}") = "SimpleNowPlaying", "SimpleNowPlaying\SimpleNowPlaying.csproj", "{821472C1-669D-4363-A0FD-0565215158FD}"
EndProject
Global
	GlobalSection(SolutionConfigurationPlatforms) = preSolution
		Debug|Any CPU = Debug|Any CPU
		Release|Any CPU = Release|Any CPU
	EndGlobalSection
	GlobalSection(ProjectConfigurationPlatforms) = postSolution
		{821472C1-669D-4363-A0FD-0565215158FD}.Debug|Any CPU.ActiveCfg = Debug|Any CPU
		{821472C1-669D-4363-A0FD-0565215158FD}.Debug|Any CPU.Build.0 = Debug|Any CPU
		{821472C1-669D-4363-A0FD-0565215158FD}.Release|Any CPU.ActiveCfg = Release|Any CPU
		{821472C1-669D-4363-A0FD-0565215158FD}.Release|Any CPU.Build.0 = Release|Any CPU
	EndGlobalSection
	GlobalSection(SolutionProperties) = preSolution
		HideSolutionNode = FALSE
	EndGlobalSection
	GlobalSection(ExtensibilityGlobals) = postSolution
		SolutionGuid = {FA509E0A-9BF7-478D-AA44-38F219EAA025}
	EndGlobalSection
EndGlobal
